// !$*UTF8*$!
{
	archiveVersion = 1;
	classes = {
	};
	objectVersion = 55;
	objects = {

/* Begin PBXBuildFile section */
		56AE5346780BC4D4FBACD4D4 /* Pods_InstagramClone.framework in Frameworks */ = {isa = PBXBuildFile; fileRef = A788AF4845D426EFC960E27A /* Pods_InstagramClone.framework */; };
		6716399C27B4431000FF4DF8 /* AppDelegate.swift in Sources */ = {isa = PBXBuildFile; fileRef = 6716399B27B4431000FF4DF8 /* AppDelegate.swift */; };
		6716399E27B4431000FF4DF8 /* SceneDelegate.swift in Sources */ = {isa = PBXBuildFile; fileRef = 6716399D27B4431000FF4DF8 /* SceneDelegate.swift */; };
		671639A027B4431000FF4DF8 /* HomeViewController.swift in Sources */ = {isa = PBXBuildFile; fileRef = 6716399F27B4431000FF4DF8 /* HomeViewController.swift */; };
		671639A327B4431000FF4DF8 /* Main.storyboard in Resources */ = {isa = PBXBuildFile; fileRef = 671639A127B4431000FF4DF8 /* Main.storyboard */; };
		671639A527B4431100FF4DF8 /* Assets.xcassets in Resources */ = {isa = PBXBuildFile; fileRef = 671639A427B4431100FF4DF8 /* Assets.xcassets */; };
		671639A827B4431100FF4DF8 /* LaunchScreen.storyboard in Resources */ = {isa = PBXBuildFile; fileRef = 671639A627B4431100FF4DF8 /* LaunchScreen.storyboard */; };
		671639B527B446E200FF4DF8 /* SearchViewController.swift in Sources */ = {isa = PBXBuildFile; fileRef = 671639B427B446E200FF4DF8 /* SearchViewController.swift */; };
		671639B727B446FA00FF4DF8 /* CameraViewController.swift in Sources */ = {isa = PBXBuildFile; fileRef = 671639B627B446FA00FF4DF8 /* CameraViewController.swift */; };
		671639B927B4470800FF4DF8 /* NotificationsViewController.swift in Sources */ = {isa = PBXBuildFile; fileRef = 671639B827B4470800FF4DF8 /* NotificationsViewController.swift */; };
		671639BB27B4471300FF4DF8 /* ProfileViewController.swift in Sources */ = {isa = PBXBuildFile; fileRef = 671639BA27B4471300FF4DF8 /* ProfileViewController.swift */; };
		671639BF27B447E500FF4DF8 /* PostsViewController.swift in Sources */ = {isa = PBXBuildFile; fileRef = 671639BE27B447E500FF4DF8 /* PostsViewController.swift */; };
		671639C127B447F200FF4DF8 /* EditProfileViewController.swift in Sources */ = {isa = PBXBuildFile; fileRef = 671639C027B447F200FF4DF8 /* EditProfileViewController.swift */; };
		671639C327B447FC00FF4DF8 /* SettingsViewController.swift in Sources */ = {isa = PBXBuildFile; fileRef = 671639C227B447FC00FF4DF8 /* SettingsViewController.swift */; };
		671639C627B4482500FF4DF8 /* LoginViewController.swift in Sources */ = {isa = PBXBuildFile; fileRef = 671639C527B4482500FF4DF8 /* LoginViewController.swift */; };
		671639C827B4483200FF4DF8 /* RegistrationViewController.swift in Sources */ = {isa = PBXBuildFile; fileRef = 671639C727B4483200FF4DF8 /* RegistrationViewController.swift */; };
		671639CA27B4487200FF4DF8 /* SearchResultViewController.swift in Sources */ = {isa = PBXBuildFile; fileRef = 671639C927B4487200FF4DF8 /* SearchResultViewController.swift */; };
		671639CC27B4487D00FF4DF8 /* FollowersViewController.swift in Sources */ = {isa = PBXBuildFile; fileRef = 671639CB27B4487D00FF4DF8 /* FollowersViewController.swift */; };
		671639CE27B4489900FF4DF8 /* SearchUsersViewController.swift in Sources */ = {isa = PBXBuildFile; fileRef = 671639CD27B4489900FF4DF8 /* SearchUsersViewController.swift */; };
		671639D027B448EA00FF4DF8 /* PostEditViewController.swift in Sources */ = {isa = PBXBuildFile; fileRef = 671639CF27B448EA00FF4DF8 /* PostEditViewController.swift */; };
		671639D227B448F900FF4DF8 /* PublishPostsViewController.swift in Sources */ = {isa = PBXBuildFile; fileRef = 671639D127B448F900FF4DF8 /* PublishPostsViewController.swift */; };
		671639D627B4584600FF4DF8 /* GoogleService-Info.plist in Resources */ = {isa = PBXBuildFile; fileRef = 671639D527B4584600FF4DF8 /* GoogleService-Info.plist */; };
/* End PBXBuildFile section */

/* Begin PBXFileReference section */
		6716399827B4431000FF4DF8 /* InstagramClone.app */ = {isa = PBXFileReference; explicitFileType = wrapper.application; includeInIndex = 0; path = InstagramClone.app; sourceTree = BUILT_PRODUCTS_DIR; };
		6716399B27B4431000FF4DF8 /* AppDelegate.swift */ = {isa = PBXFileReference; lastKnownFileType = sourcecode.swift; path = AppDelegate.swift; sourceTree = "<group>"; };
		6716399D27B4431000FF4DF8 /* SceneDelegate.swift */ = {isa = PBXFileReference; lastKnownFileType = sourcecode.swift; path = SceneDelegate.swift; sourceTree = "<group>"; };
		6716399F27B4431000FF4DF8 /* HomeViewController.swift */ = {isa = PBXFileReference; lastKnownFileType = sourcecode.swift; path = HomeViewController.swift; sourceTree = "<group>"; };
		671639A227B4431000FF4DF8 /* Base */ = {isa = PBXFileReference; lastKnownFileType = file.storyboard; name = Base; path = Base.lproj/Main.storyboard; sourceTree = "<group>"; };
		671639A427B4431100FF4DF8 /* Assets.xcassets */ = {isa = PBXFileReference; lastKnownFileType = folder.assetcatalog; path = Assets.xcassets; sourceTree = "<group>"; };
		671639A727B4431100FF4DF8 /* Base */ = {isa = PBXFileReference; lastKnownFileType = file.storyboard; name = Base; path = Base.lproj/LaunchScreen.storyboard; sourceTree = "<group>"; };
		671639A927B4431100FF4DF8 /* Info.plist */ = {isa = PBXFileReference; lastKnownFileType = text.plist.xml; path = Info.plist; sourceTree = "<group>"; };
		671639B427B446E200FF4DF8 /* SearchViewController.swift */ = {isa = PBXFileReference; lastKnownFileType = sourcecode.swift; path = SearchViewController.swift; sourceTree = "<group>"; };
		671639B627B446FA00FF4DF8 /* CameraViewController.swift */ = {isa = PBXFileReference; lastKnownFileType = sourcecode.swift; path = CameraViewController.swift; sourceTree = "<group>"; };
		671639B827B4470800FF4DF8 /* NotificationsViewController.swift */ = {isa = PBXFileReference; lastKnownFileType = sourcecode.swift; path = NotificationsViewController.swift; sourceTree = "<group>"; };
		671639BA27B4471300FF4DF8 /* ProfileViewController.swift */ = {isa = PBXFileReference; lastKnownFileType = sourcecode.swift; path = ProfileViewController.swift; sourceTree = "<group>"; };
		671639BE27B447E500FF4DF8 /* PostsViewController.swift */ = {isa = PBXFileReference; lastKnownFileType = sourcecode.swift; path = PostsViewController.swift; sourceTree = "<group>"; };
		671639C027B447F200FF4DF8 /* EditProfileViewController.swift */ = {isa = PBXFileReference; lastKnownFileType = sourcecode.swift; path = EditProfileViewController.swift; sourceTree = "<group>"; };
		671639C227B447FC00FF4DF8 /* SettingsViewController.swift */ = {isa = PBXFileReference; lastKnownFileType = sourcecode.swift; path = SettingsViewController.swift; sourceTree = "<group>"; };
		671639C527B4482500FF4DF8 /* LoginViewController.swift */ = {isa = PBXFileReference; lastKnownFileType = sourcecode.swift; path = LoginViewController.swift; sourceTree = "<group>"; };
		671639C727B4483200FF4DF8 /* RegistrationViewController.swift */ = {isa = PBXFileReference; lastKnownFileType = sourcecode.swift; path = RegistrationViewController.swift; sourceTree = "<group>"; };
		671639C927B4487200FF4DF8 /* SearchResultViewController.swift */ = {isa = PBXFileReference; lastKnownFileType = sourcecode.swift; path = SearchResultViewController.swift; sourceTree = "<group>"; };
		671639CB27B4487D00FF4DF8 /* FollowersViewController.swift */ = {isa = PBXFileReference; lastKnownFileType = sourcecode.swift; path = FollowersViewController.swift; sourceTree = "<group>"; };
		671639CD27B4489900FF4DF8 /* SearchUsersViewController.swift */ = {isa = PBXFileReference; lastKnownFileType = sourcecode.swift; path = SearchUsersViewController.swift; sourceTree = "<group>"; };
		671639CF27B448EA00FF4DF8 /* PostEditViewController.swift */ = {isa = PBXFileReference; lastKnownFileType = sourcecode.swift; path = PostEditViewController.swift; sourceTree = "<group>"; };
		671639D127B448F900FF4DF8 /* PublishPostsViewController.swift */ = {isa = PBXFileReference; lastKnownFileType = sourcecode.swift; path = PublishPostsViewController.swift; sourceTree = "<group>"; };
		671639D527B4584600FF4DF8 /* GoogleService-Info.plist */ = {isa = PBXFileReference; fileEncoding = 4; lastKnownFileType = text.plist.xml; path = "GoogleService-Info.plist"; sourceTree = "<group>"; };
		6F1424AC6DC4521B7383E200 /* Pods-InstagramClone.release.xcconfig */ = {isa = PBXFileReference; includeInIndex = 1; lastKnownFileType = text.xcconfig; name = "Pods-InstagramClone.release.xcconfig"; path = "Target Support Files/Pods-InstagramClone/Pods-InstagramClone.release.xcconfig"; sourceTree = "<group>"; };
		A788AF4845D426EFC960E27A /* Pods_InstagramClone.framework */ = {isa = PBXFileReference; explicitFileType = wrapper.framework; includeInIndex = 0; path = Pods_InstagramClone.framework; sourceTree = BUILT_PRODUCTS_DIR; };
		EF32F3F4257F12A49ADADF3B /* Pods-InstagramClone.debug.xcconfig */ = {isa = PBXFileReference; includeInIndex = 1; lastKnownFileType = text.xcconfig; name = "Pods-InstagramClone.debug.xcconfig"; path = "Target Support Files/Pods-InstagramClone/Pods-InstagramClone.debug.xcconfig"; sourceTree = "<group>"; };
/* End PBXFileReference section */

/* Begin PBXFrameworksBuildPhase section */
		6716399527B4431000FF4DF8 /* Frameworks */ = {
			isa = PBXFrameworksBuildPhase;
			buildActionMask = 2147483647;
			files = (
				56AE5346780BC4D4FBACD4D4 /* Pods_InstagramClone.framework in Frameworks */,
			);
			runOnlyForDeploymentPostprocessing = 0;
		};
/* End PBXFrameworksBuildPhase section */

/* Begin PBXGroup section */
		6716398F27B4431000FF4DF8 = {
			isa = PBXGroup;
			children = (
				671639D527B4584600FF4DF8 /* GoogleService-Info.plist */,
				6716399A27B4431000FF4DF8 /* InstagramClone */,
				6716399927B4431000FF4DF8 /* Products */,
				7805BF771126C949AA4E1CBC /* Pods */,
				6FEE7D317D3570C6EB263FBA /* Frameworks */,
			);
			sourceTree = "<group>";
		};
		6716399927B4431000FF4DF8 /* Products */ = {
			isa = PBXGroup;
			children = (
				6716399827B4431000FF4DF8 /* InstagramClone.app */,
			);
			name = Products;
			sourceTree = "<group>";
		};
		6716399A27B4431000FF4DF8 /* InstagramClone */ = {
			isa = PBXGroup;
			children = (
				671639B327B444CE00FF4DF8 /* Helpers */,
				671639AF27B4447600FF4DF8 /* Model */,
				671639B127B4448B00FF4DF8 /* View */,
				671639B227B4449200FF4DF8 /* Controller */,
				671639A427B4431100FF4DF8 /* Assets.xcassets */,
				671639A927B4431100FF4DF8 /* Info.plist */,
			);
			path = InstagramClone;
			sourceTree = "<group>";
		};
		671639AF27B4447600FF4DF8 /* Model */ = {
			isa = PBXGroup;
			children = (
				671639B027B4447F00FF4DF8 /* New Group */,
			);
			path = Model;
			sourceTree = "<group>";
		};
		671639B027B4447F00FF4DF8 /* New Group */ = {
			isa = PBXGroup;
			children = (
			);
			path = "New Group";
			sourceTree = "<group>";
		};
		671639B127B4448B00FF4DF8 /* View */ = {
			isa = PBXGroup;
			children = (
				671639A127B4431000FF4DF8 /* Main.storyboard */,
				671639A627B4431100FF4DF8 /* LaunchScreen.storyboard */,
			);
			path = View;
			sourceTree = "<group>";
		};
		671639B227B4449200FF4DF8 /* Controller */ = {
			isa = PBXGroup;
			children = (
				671639C427B4480C00FF4DF8 /* LoginandRegistration */,
				671639BD27B447D800FF4DF8 /* Other */,
				671639BC27B4473E00FF4DF8 /* TabBar controllers */,
			);
			path = Controller;
			sourceTree = "<group>";
		};
		671639B327B444CE00FF4DF8 /* Helpers */ = {
			isa = PBXGroup;
			children = (
				6716399B27B4431000FF4DF8 /* AppDelegate.swift */,
				6716399D27B4431000FF4DF8 /* SceneDelegate.swift */,
			);
			path = Helpers;
			sourceTree = "<group>";
		};
		671639BC27B4473E00FF4DF8 /* TabBar controllers */ = {
			isa = PBXGroup;
			children = (
				6716399F27B4431000FF4DF8 /* HomeViewController.swift */,
				671639B427B446E200FF4DF8 /* SearchViewController.swift */,
				671639B627B446FA00FF4DF8 /* CameraViewController.swift */,
				671639B827B4470800FF4DF8 /* NotificationsViewController.swift */,
				671639BA27B4471300FF4DF8 /* ProfileViewController.swift */,
			);
			path = "TabBar controllers";
			sourceTree = "<group>";
		};
		671639BD27B447D800FF4DF8 /* Other */ = {
			isa = PBXGroup;
			children = (
				671639BE27B447E500FF4DF8 /* PostsViewController.swift */,
				671639C027B447F200FF4DF8 /* EditProfileViewController.swift */,
				671639C227B447FC00FF4DF8 /* SettingsViewController.swift */,
				671639C927B4487200FF4DF8 /* SearchResultViewController.swift */,
				671639CB27B4487D00FF4DF8 /* FollowersViewController.swift */,
				671639CD27B4489900FF4DF8 /* SearchUsersViewController.swift */,
				671639CF27B448EA00FF4DF8 /* PostEditViewController.swift */,
				671639D127B448F900FF4DF8 /* PublishPostsViewController.swift */,
			);
			path = Other;
			sourceTree = "<group>";
		};
		671639C427B4480C00FF4DF8 /* LoginandRegistration */ = {
			isa = PBXGroup;
			children = (
				671639C527B4482500FF4DF8 /* LoginViewController.swift */,
				671639C727B4483200FF4DF8 /* RegistrationViewController.swift */,
			);
			path = LoginandRegistration;
			sourceTree = "<group>";
		};
		6FEE7D317D3570C6EB263FBA /* Frameworks */ = {
			isa = PBXGroup;
			children = (
				A788AF4845D426EFC960E27A /* Pods_InstagramClone.framework */,
			);
			name = Frameworks;
			sourceTree = "<group>";
		};
		7805BF771126C949AA4E1CBC /* Pods */ = {
			isa = PBXGroup;
			children = (
				EF32F3F4257F12A49ADADF3B /* Pods-InstagramClone.debug.xcconfig */,
				6F1424AC6DC4521B7383E200 /* Pods-InstagramClone.release.xcconfig */,
			);
			path = Pods;
			sourceTree = "<group>";
		};
/* End PBXGroup section */

/* Begin PBXNativeTarget section */
		6716399727B4431000FF4DF8 /* InstagramClone */ = {
			isa = PBXNativeTarget;
			buildConfigurationList = 671639AC27B4431100FF4DF8 /* Build configuration list for PBXNativeTarget "InstagramClone" */;
			buildPhases = (
				0EE8504382DE54C49B8ADF73 /* [CP] Check Pods Manifest.lock */,
				6716399427B4431000FF4DF8 /* Sources */,
				6716399527B4431000FF4DF8 /* Frameworks */,
				6716399627B4431000FF4DF8 /* Resources */,
				4A5319AB6C969B4A9B326248 /* [CP] Embed Pods Frameworks */,
			);
			buildRules = (
			);
			dependencies = (
			);
			name = InstagramClone;
			productName = InstagramClone;
			productReference = 6716399827B4431000FF4DF8 /* InstagramClone.app */;
			productType = "com.apple.product-type.application";
		};
/* End PBXNativeTarget section */

/* Begin PBXProject section */
		6716399027B4431000FF4DF8 /* Project object */ = {
			isa = PBXProject;
			attributes = {
				BuildIndependentTargetsInParallel = 1;
				LastSwiftUpdateCheck = 1300;
				LastUpgradeCheck = 1300;
				TargetAttributes = {
					6716399727B4431000FF4DF8 = {
						CreatedOnToolsVersion = 13.0;
					};
				};
			};
			buildConfigurationList = 6716399327B4431000FF4DF8 /* Build configuration list for PBXProject "InstagramClone" */;
			compatibilityVersion = "Xcode 13.0";
			developmentRegion = en;
			hasScannedForEncodings = 0;
			knownRegions = (
				en,
				Base,
			);
			mainGroup = 6716398F27B4431000FF4DF8;
			productRefGroup = 6716399927B4431000FF4DF8 /* Products */;
			projectDirPath = "";
			projectRoot = "";
			targets = (
				6716399727B4431000FF4DF8 /* InstagramClone */,
			);
		};
/* End PBXProject section */

/* Begin PBXResourcesBuildPhase section */
		6716399627B4431000FF4DF8 /* Resources */ = {
			isa = PBXResourcesBuildPhase;
			buildActionMask = 2147483647;
			files = (
				671639A827B4431100FF4DF8 /* LaunchScreen.storyboard in Resources */,
				671639D627B4584600FF4DF8 /* GoogleService-Info.plist in Resources */,
				671639A527B4431100FF4DF8 /* Assets.xcassets in Resources */,
				671639A327B4431000FF4DF8 /* Main.storyboard in Resources */,
			);
			runOnlyForDeploymentPostprocessing = 0;
		};
/* End PBXResourcesBuildPhase section */

/* Begin PBXShellScriptBuildPhase section */
		0EE8504382DE54C49B8ADF73 /* [CP] Check Pods Manifest.lock */ = {
			isa = PBXShellScriptBuildPhase;
			buildActionMask = 2147483647;
			files = (
			);
			inputFileListPaths = (
			);
			inputPaths = (
				"${PODS_PODFILE_DIR_PATH}/Podfile.lock",
				"${PODS_ROOT}/Manifest.lock",
			);
			name = "[CP] Check Pods Manifest.lock";
			outputFileListPaths = (
			);
			outputPaths = (
				"$(DERIVED_FILE_DIR)/Pods-InstagramClone-checkManifestLockResult.txt",
			);
			runOnlyForDeploymentPostprocessing = 0;
			shellPath = /bin/sh;
			shellScript = "diff \"${PODS_PODFILE_DIR_PATH}/Podfile.lock\" \"${PODS_ROOT}/Manifest.lock\" > /dev/null\nif [ $? != 0 ] ; then\n    # print error to STDERR\n    echo \"error: The sandbox is not in sync with the Podfile.lock. Run 'pod install' or update your CocoaPods installation.\" >&2\n    exit 1\nfi\n# This output is used by Xcode 'outputs' to avoid re-running this script phase.\necho \"SUCCESS\" > \"${SCRIPT_OUTPUT_FILE_0}\"\n";
			showEnvVarsInLog = 0;
		};
		4A5319AB6C969B4A9B326248 /* [CP] Embed Pods Frameworks */ = {
			isa = PBXShellScriptBuildPhase;
			buildActionMask = 2147483647;
			files = (
			);
			inputFileListPaths = (
				"${PODS_ROOT}/Target Support Files/Pods-InstagramClone/Pods-InstagramClone-frameworks-${CONFIGURATION}-input-files.xcfilelist",
			);
			name = "[CP] Embed Pods Frameworks";
			outputFileListPaths = (
				"${PODS_ROOT}/Target Support Files/Pods-InstagramClone/Pods-InstagramClone-frameworks-${CONFIGURATION}-output-files.xcfilelist",
			);
			runOnlyForDeploymentPostprocessing = 0;
			shellPath = /bin/sh;
			shellScript = "\"${PODS_ROOT}/Target Support Files/Pods-InstagramClone/Pods-InstagramClone-frameworks.sh\"\n";
			showEnvVarsInLog = 0;
		};
/* End PBXShellScriptBuildPhase section */

/* Begin PBXSourcesBuildPhase section */
		6716399427B4431000FF4DF8 /* Sources */ = {
			isa = PBXSourcesBuildPhase;
			buildActionMask = 2147483647;
			files = (
				671639A027B4431000FF4DF8 /* HomeViewController.swift in Sources */,
				671639B727B446FA00FF4DF8 /* CameraViewController.swift in Sources */,
				671639D027B448EA00FF4DF8 /* PostEditViewController.swift in Sources */,
				671639CC27B4487D00FF4DF8 /* FollowersViewController.swift in Sources */,
				6716399C27B4431000FF4DF8 /* AppDelegate.swift in Sources */,
				671639C327B447FC00FF4DF8 /* SettingsViewController.swift in Sources */,
				671639B927B4470800FF4DF8 /* NotificationsViewController.swift in Sources */,
				671639BF27B447E500FF4DF8 /* PostsViewController.swift in Sources */,
				671639C827B4483200FF4DF8 /* RegistrationViewController.swift in Sources */,
				671639CE27B4489900FF4DF8 /* SearchUsersViewController.swift in Sources */,
				671639BB27B4471300FF4DF8 /* ProfileViewController.swift in Sources */,
				671639B527B446E200FF4DF8 /* SearchViewController.swift in Sources */,
				6716399E27B4431000FF4DF8 /* SceneDelegate.swift in Sources */,
				671639C127B447F200FF4DF8 /* EditProfileViewController.swift in Sources */,
				671639D227B448F900FF4DF8 /* PublishPostsViewController.swift in Sources */,
				671639CA27B4487200FF4DF8 /* SearchResultViewController.swift in Sources */,
				671639C627B4482500FF4DF8 /* LoginViewController.swift in Sources */,
			);
			runOnlyForDeploymentPostprocessing = 0;
		};
/* End PBXSourcesBuildPhase section */

/* Begin PBXVariantGroup section */
		671639A127B4431000FF4DF8 /* Main.storyboard */ = {
			isa = PBXVariantGroup;
			children = (
				671639A227B4431000FF4DF8 /* Base */,
			);
			name = Main.storyboard;
			sourceTree = "<group>";
		};
		671639A627B4431100FF4DF8 /* LaunchScreen.storyboard */ = {
			isa = PBXVariantGroup;
			children = (
				671639A727B4431100FF4DF8 /* Base */,
			);
			name = LaunchScreen.storyboard;
			sourceTree = "<group>";
		};
/* End PBXVariantGroup section */

/* Begin XCBuildConfiguration section */
		671639AA27B4431100FF4DF8 /* Debug */ = {
			isa = XCBuildConfiguration;
			buildSettings = {
				ALWAYS_SEARCH_USER_PATHS = NO;
				CLANG_ANALYZER_NONNULL = YES;
				CLANG_ANALYZER_NUMBER_OBJECT_CONVERSION = YES_AGGRESSIVE;
				CLANG_CXX_LANGUAGE_STANDARD = "gnu++17";
				CLANG_CXX_LIBRARY = "libc++";
				CLANG_ENABLE_MODULES = YES;
				CLANG_ENABLE_OBJC_ARC = YES;
				CLANG_ENABLE_OBJC_WEAK = YES;
				CLANG_WARN_BLOCK_CAPTURE_AUTORELEASING = YES;
				CLANG_WARN_BOOL_CONVERSION = YES;
				CLANG_WARN_COMMA = YES;
				CLANG_WARN_CONSTANT_CONVERSION = YES;
				CLANG_WARN_DEPRECATED_OBJC_IMPLEMENTATIONS = YES;
				CLANG_WARN_DIRECT_OBJC_ISA_USAGE = YES_ERROR;
				CLANG_WARN_DOCUMENTATION_COMMENTS = YES;
				CLANG_WARN_EMPTY_BODY = YES;
				CLANG_WARN_ENUM_CONVERSION = YES;
				CLANG_WARN_INFINITE_RECURSION = YES;
				CLANG_WARN_INT_CONVERSION = YES;
				CLANG_WARN_NON_LITERAL_NULL_CONVERSION = YES;
				CLANG_WARN_OBJC_IMPLICIT_RETAIN_SELF = YES;
				CLANG_WARN_OBJC_LITERAL_CONVERSION = YES;
				CLANG_WARN_OBJC_ROOT_CLASS = YES_ERROR;
				CLANG_WARN_QUOTED_INCLUDE_IN_FRAMEWORK_HEADER = YES;
				CLANG_WARN_RANGE_LOOP_ANALYSIS = YES;
				CLANG_WARN_STRICT_PROTOTYPES = YES;
				CLANG_WARN_SUSPICIOUS_MOVE = YES;
				CLANG_WARN_UNGUARDED_AVAILABILITY = YES_AGGRESSIVE;
				CLANG_WARN_UNREACHABLE_CODE = YES;
				CLANG_WARN__DUPLICATE_METHOD_MATCH = YES;
				COPY_PHASE_STRIP = NO;
				DEBUG_INFORMATION_FORMAT = dwarf;
				ENABLE_STRICT_OBJC_MSGSEND = YES;
				ENABLE_TESTABILITY = YES;
				GCC_C_LANGUAGE_STANDARD = gnu11;
				GCC_DYNAMIC_NO_PIC = NO;
				GCC_NO_COMMON_BLOCKS = YES;
				GCC_OPTIMIZATION_LEVEL = 0;
				GCC_PREPROCESSOR_DEFINITIONS = (
					"DEBUG=1",
					"$(inherited)",
				);
				GCC_WARN_64_TO_32_BIT_CONVERSION = YES;
				GCC_WARN_ABOUT_RETURN_TYPE = YES_ERROR;
				GCC_WARN_UNDECLARED_SELECTOR = YES;
				GCC_WARN_UNINITIALIZED_AUTOS = YES_AGGRESSIVE;
				GCC_WARN_UNUSED_FUNCTION = YES;
				GCC_WARN_UNUSED_VARIABLE = YES;
				IPHONEOS_DEPLOYMENT_TARGET = 15.0;
				MTL_ENABLE_DEBUG_INFO = INCLUDE_SOURCE;
				MTL_FAST_MATH = YES;
				ONLY_ACTIVE_ARCH = YES;
				SDKROOT = iphoneos;
				SWIFT_ACTIVE_COMPILATION_CONDITIONS = DEBUG;
				SWIFT_OPTIMIZATION_LEVEL = "-Onone";
			};
			name = Debug;
		};
		671639AB27B4431100FF4DF8 /* Release */ = {
			isa = XCBuildConfiguration;
			buildSettings = {
				ALWAYS_SEARCH_USER_PATHS = NO;
				CLANG_ANALYZER_NONNULL = YES;
				CLANG_ANALYZER_NUMBER_OBJECT_CONVERSION = YES_AGGRESSIVE;
				CLANG_CXX_LANGUAGE_STANDARD = "gnu++17";
				CLANG_CXX_LIBRARY = "libc++";
				CLANG_ENABLE_MODULES = YES;
				CLANG_ENABLE_OBJC_ARC = YES;
				CLANG_ENABLE_OBJC_WEAK = YES;
				CLANG_WARN_BLOCK_CAPTURE_AUTORELEASING = YES;
				CLANG_WARN_BOOL_CONVERSION = YES;
				CLANG_WARN_COMMA = YES;
				CLANG_WARN_CONSTANT_CONVERSION = YES;
				CLANG_WARN_DEPRECATED_OBJC_IMPLEMENTATIONS = YES;
				CLANG_WARN_DIRECT_OBJC_ISA_USAGE = YES_ERROR;
				CLANG_WARN_DOCUMENTATION_COMMENTS = YES;
				CLANG_WARN_EMPTY_BODY = YES;
				CLANG_WARN_ENUM_CONVERSION = YES;
				CLANG_WARN_INFINITE_RECURSION = YES;
				CLANG_WARN_INT_CONVERSION = YES;
				CLANG_WARN_NON_LITERAL_NULL_CONVERSION = YES;
				CLANG_WARN_OBJC_IMPLICIT_RETAIN_SELF = YES;
				CLANG_WARN_OBJC_LITERAL_CONVERSION = YES;
				CLANG_WARN_OBJC_ROOT_CLASS = YES_ERROR;
				CLANG_WARN_QUOTED_INCLUDE_IN_FRAMEWORK_HEADER = YES;
				CLANG_WARN_RANGE_LOOP_ANALYSIS = YES;
				CLANG_WARN_STRICT_PROTOTYPES = YES;
				CLANG_WARN_SUSPICIOUS_MOVE = YES;
				CLANG_WARN_UNGUARDED_AVAILABILITY = YES_AGGRESSIVE;
				CLANG_WARN_UNREACHABLE_CODE = YES;
				CLANG_WARN__DUPLICATE_METHOD_MATCH = YES;
				COPY_PHASE_STRIP = NO;
				DEBUG_INFORMATION_FORMAT = "dwarf-with-dsym";
				ENABLE_NS_ASSERTIONS = NO;
				ENABLE_STRICT_OBJC_MSGSEND = YES;
				GCC_C_LANGUAGE_STANDARD = gnu11;
				GCC_NO_COMMON_BLOCKS = YES;
				GCC_WARN_64_TO_32_BIT_CONVERSION = YES;
				GCC_WARN_ABOUT_RETURN_TYPE = YES_ERROR;
				GCC_WARN_UNDECLARED_SELECTOR = YES;
				GCC_WARN_UNINITIALIZED_AUTOS = YES_AGGRESSIVE;
				GCC_WARN_UNUSED_FUNCTION = YES;
				GCC_WARN_UNUSED_VARIABLE = YES;
				IPHONEOS_DEPLOYMENT_TARGET = 15.0;
				MTL_ENABLE_DEBUG_INFO = NO;
				MTL_FAST_MATH = YES;
				SDKROOT = iphoneos;
				SWIFT_COMPILATION_MODE = wholemodule;
				SWIFT_OPTIMIZATION_LEVEL = "-O";
				VALIDATE_PRODUCT = YES;
			};
			name = Release;
		};
		671639AD27B4431100FF4DF8 /* Debug */ = {
			isa = XCBuildConfiguration;
			baseConfigurationReference = EF32F3F4257F12A49ADADF3B /* Pods-InstagramClone.debug.xcconfig */;
			buildSettings = {
				ASSETCATALOG_COMPILER_APPICON_NAME = AppIcon;
				ASSETCATALOG_COMPILER_GLOBAL_ACCENT_COLOR_NAME = AccentColor;
				CODE_SIGN_STYLE = Automatic;
				CURRENT_PROJECT_VERSION = 1;
				GENERATE_INFOPLIST_FILE = YES;
				INFOPLIST_FILE = InstagramClone/Info.plist;
				INFOPLIST_KEY_UIApplicationSupportsIndirectInputEvents = YES;
				INFOPLIST_KEY_UILaunchStoryboardName = LaunchScreen;
				INFOPLIST_KEY_UIMainStoryboardFile = Main;
				INFOPLIST_KEY_UISupportedInterfaceOrientations_iPad = "UIInterfaceOrientationPortrait UIInterfaceOrientationPortraitUpsideDown UIInterfaceOrientationLandscapeLeft UIInterfaceOrientationLandscapeRight";
				INFOPLIST_KEY_UISupportedInterfaceOrientations_iPhone = "UIInterfaceOrientationPortrait UIInterfaceOrientationLandscapeLeft UIInterfaceOrientationLandscapeRight";
				LD_RUNPATH_SEARCH_PATHS = (
					"$(inherited)",
					"@executable_path/Frameworks",
				);
				MARKETING_VERSION = 1.0;
				PRODUCT_BUNDLE_IDENTIFIER = nilesh.InstagramClone;
				PRODUCT_NAME = "$(TARGET_NAME)";
				SWIFT_EMIT_LOC_STRINGS = YES;
				SWIFT_VERSION = 5.0;
				TARGETED_DEVICE_FAMILY = "1,2";
			};
			name = Debug;
		};
		671639AE27B4431100FF4DF8 /* Release */ = {
			isa = XCBuildConfiguration;
			baseConfigurationReference = 6F1424AC6DC4521B7383E200 /* Pods-InstagramClone.release.xcconfig */;
			buildSettings = {
				ASSETCATALOG_COMPILER_APPICON_NAME = AppIcon;
				ASSETCATALOG_COMPILER_GLOBAL_ACCENT_COLOR_NAME = AccentColor;
				CODE_SIGN_STYLE = Automatic;
				CURRENT_PROJECT_VERSION = 1;
				GENERATE_INFOPLIST_FILE = YES;
				INFOPLIST_FILE = InstagramClone/Info.plist;
				INFOPLIST_KEY_UIApplicationSupportsIndirectInputEvents = YES;
				INFOPLIST_KEY_UILaunchStoryboardName = LaunchScreen;
				INFOPLIST_KEY_UIMainStoryboardFile = Main;
				INFOPLIST_KEY_UISupportedInterfaceOrientations_iPad = "UIInterfaceOrientationPortrait UIInterfaceOrientationPortraitUpsideDown UIInterfaceOrientationLandscapeLeft UIInterfaceOrientationLandscapeRight";
				INFOPLIST_KEY_UISupportedInterfaceOrientations_iPhone = "UIInterfaceOrientationPortrait UIInterfaceOrientationLandscapeLeft UIInterfaceOrientationLandscapeRight";
				LD_RUNPATH_SEARCH_PATHS = (
					"$(inherited)",
					"@executable_path/Frameworks",
				);
				MARKETING_VERSION = 1.0;
				PRODUCT_BUNDLE_IDENTIFIER = nilesh.InstagramClone;
				PRODUCT_NAME = "$(TARGET_NAME)";
				SWIFT_EMIT_LOC_STRINGS = YES;
				SWIFT_VERSION = 5.0;
				TARGETED_DEVICE_FAMILY = "1,2";
			};
			name = Release;
		};
/* End XCBuildConfiguration section */

/* Begin XCConfigurationList section */
		6716399327B4431000FF4DF8 /* Build configuration list for PBXProject "InstagramClone" */ = {
			isa = XCConfigurationList;
			buildConfigurations = (
				671639AA27B4431100FF4DF8 /* Debug */,
				671639AB27B4431100FF4DF8 /* Release */,
			);
			defaultConfigurationIsVisible = 0;
			defaultConfigurationName = Release;
		};
		671639AC27B4431100FF4DF8 /* Build configuration list for PBXNativeTarget "InstagramClone" */ = {
			isa = XCConfigurationList;
			buildConfigurations = (
				671639AD27B4431100FF4DF8 /* Debug */,
				671639AE27B4431100FF4DF8 /* Release */,
			);
			defaultConfigurationIsVisible = 0;
			defaultConfigurationName = Release;
		};
/* End XCConfigurationList section */
	};
	rootObject = 6716399027B4431000FF4DF8 /* Project object */;
}
